
Microsoft Visual Studio Solution File, Format Version 12.00
# Visual Studio 15
VisualStudioVersion = 15.0.27428.2015
MinimumVisualStudioVersion = 10.0.40219.1
Project("{FAE04EC0-301F-11D3-BF4B-00C04F79EFBC}") = "App9test1.Android", "App9test1\App9test1.Android\App9test1.Android.csproj", "{326A6F7F-55C6-46C2-A0E0-B0A921B2732A}"
EndProject
Project("{FAE04EC0-301F-11D3-BF4B-00C04F79EFBC}") = "App9test1.iOS", "App9test1\App9test1.iOS\App9test1.iOS.csproj", "{962F0FE0-29D5-4114-875E-10BED71C3D04}"
EndProject
Project("{FAE04EC0-301F-11D3-BF4B-00C04F79EFBC}") = "App9test1", "App9test1\App9test1\App9test1.csproj", "{905E9748-1EFB-402F-B22B-0EF5963CC96D}"
EndProject
Global
	GlobalSection(SolutionConfigurationPlatforms) = preSolution
		Ad-Hoc|Any CPU = Ad-Hoc|Any CPU
		Ad-Hoc|iPhone = Ad-Hoc|iPhone
		Ad-Hoc|iPhoneSimulator = Ad-Hoc|iPhoneSimulator
		AppStore|Any CPU = AppStore|Any CPU
		AppStore|iPhone = AppStore|iPhone
		AppStore|iPhoneSimulator = AppStore|iPhoneSimulator
		Debug|Any CPU = Debug|Any CPU
		Debug|iPhone = Debug|iPhone
		Debug|iPhoneSimulator = Debug|iPhoneSimulator
		Release|Any CPU = Release|Any CPU
		Release|iPhone = Release|iPhone
		Release|iPhoneSimulator = Release|iPhoneSimulator
	EndGlobalSection
	GlobalSection(ProjectConfigurationPlatforms) = postSolution
		{326A6F7F-55C6-46C2-A0E0-B0A921B2732A}.Ad-Hoc|Any CPU.ActiveCfg = Release|Any CPU
		{326A6F7F-55C6-46C2-A0E0-B0A921B2732A}.Ad-Hoc|Any CPU.Build.0 = Release|Any CPU
		{326A6F7F-55C6-46C2-A0E0-B0A921B2732A}.Ad-Hoc|Any CPU.Deploy.0 = Release|Any CPU
		{326A6F7F-55C6-46C2-A0E0-B0A921B2732A}.Ad-Hoc|iPhone.ActiveCfg = Release|Any CPU
		{326A6F7F-55C6-46C2-A0E0-B0A921B2732A}.Ad-Hoc|iPhone.Build.0 = Release|Any CPU
		{326A6F7F-55C6-46C2-A0E0-B0A921B2732A}.Ad-Hoc|iPhone.Deploy.0 = Release|Any CPU
		{326A6F7F-55C6-46C2-A0E0-B0A921B2732A}.Ad-Hoc|iPhoneSimulator.ActiveCfg = Release|Any CPU
		{326A6F7F-55C6-46C2-A0E0-B0A921B2732A}.Ad-Hoc|iPhoneSimulator.Build.0 = Release|Any CPU
		{326A6F7F-55C6-46C2-A0E0-B0A921B2732A}.Ad-Hoc|iPhoneSimulator.Deploy.0 = Release|Any CPU
		{326A6F7F-55C6-46C2-A0E0-B0A921B2732A}.AppStore|Any CPU.ActiveCfg = Release|Any CPU
		{326A6F7F-55C6-46C2-A0E0-B0A921B2732A}.AppStore|Any CPU.Build.0 = Release|Any CPU
		{326A6F7F-55C6-46C2-A0E0-B0A921B2732A}.AppStore|Any CPU.Deploy.0 = Release|Any CPU
		{326A6F7F-55C6-46C2-A0E0-B0A921B2732A}.AppStore|iPhone.ActiveCfg = Release|Any CPU
		{326A6F7F-55C6-46C2-A0E0-B0A921B2732A}.AppStore|iPhone.Build.0 = Release|Any CPU
		{326A6F7F-55C6-46C2-A0E0-B0A921B2732A}.AppStore|iPhone.Deploy.0 = Release|Any CPU
		{326A6F7F-55C6-46C2-A0E0-B0A921B2732A}.AppStore|iPhoneSimulator.ActiveCfg = Release|Any CPU
		{326A6F7F-55C6-46C2-A0E0-B0A921B2732A}.AppStore|iPhoneSimulator.Build.0 = Release|Any CPU
		{326A6F7F-55C6-46C2-A0E0-B0A921B2732A}.AppStore|iPhoneSimulator.Deploy.0 = Release|Any CPU
		{326A6F7F-55C6-46C2-A0E0-B0A921B2732A}.Debug|Any CPU.ActiveCfg = Debug|Any CPU
		{326A6F7F-55C6-46C2-A0E0-B0A921B2732A}.Debug|Any CPU.Build.0 = Debug|Any CPU
		{326A6F7F-55C6-46C2-A0E0-B0A921B2732A}.Debug|Any CPU.Deploy.0 = Debug|Any CPU
		{326A6F7F-55C6-46C2-A0E0-B0A921B2732A}.Debug|iPhone.ActiveCfg = Debug|Any CPU
		{326A6F7F-55C6-46C2-A0E0-B0A921B2732A}.Debug|iPhone.Build.0 = Debug|Any CPU
		{326A6F7F-55C6-46C2-A0E0-B0A921B2732A}.Debug|iPhone.Deploy.0 = Debug|Any CPU
		{326A6F7F-55C6-46C2-A0E0-B0A921B2732A}.Debug|iPhoneSimulator.ActiveCfg = Debug|Any CPU
		{326A6F7F-55C6-46C2-A0E0-B0A921B2732A}.Debug|iPhoneSimulator.Build.0 = Debug|Any CPU
		{326A6F7F-55C6-46C2-A0E0-B0A921B2732A}.Debug|iPhoneSimulator.Deploy.0 = Debug|Any CPU
		{326A6F7F-55C6-46C2-A0E0-B0A921B2732A}.Release|Any CPU.ActiveCfg = Release|Any CPU
		{326A6F7F-55C6-46C2-A0E0-B0A921B2732A}.Release|Any CPU.Build.0 = Release|Any CPU
		{326A6F7F-55C6-46C2-A0E0-B0A921B2732A}.Release|Any CPU.Deploy.0 = Release|Any CPU
		{326A6F7F-55C6-46C2-A0E0-B0A921B2732A}.Release|iPhone.ActiveCfg = Release|Any CPU
		{326A6F7F-55C6-46C2-A0E0-B0A921B2732A}.Release|iPhone.Build.0 = Release|Any CPU
		{326A6F7F-55C6-46C2-A0E0-B0A921B2732A}.Release|iPhone.Deploy.0 = Release|Any CPU
		{326A6F7F-55C6-46C2-A0E0-B0A921B2732A}.Release|iPhoneSimulator.ActiveCfg = Release|Any CPU
		{326A6F7F-55C6-46C2-A0E0-B0A921B2732A}.Release|iPhoneSimulator.Build.0 = Release|Any CPU
		{326A6F7F-55C6-46C2-A0E0-B0A921B2732A}.Release|iPhoneSimulator.Deploy.0 = Release|Any CPU
		{962F0FE0-29D5-4114-875E-10BED71C3D04}.Ad-Hoc|Any CPU.ActiveCfg = Ad-Hoc|iPhone
		{962F0FE0-29D5-4114-875E-10BED71C3D04}.Ad-Hoc|iPhone.ActiveCfg = Ad-Hoc|iPhone
		{962F0FE0-29D5-4114-875E-10BED71C3D04}.Ad-Hoc|iPhone.Build.0 = Ad-Hoc|iPhone
		{962F0FE0-29D5-4114-875E-10BED71C3D04}.Ad-Hoc|iPhoneSimulator.ActiveCfg = Ad-Hoc|iPhoneSimulator
		{962F0FE0-29D5-4114-875E-10BED71C3D04}.Ad-Hoc|iPhoneSimulator.Build.0 = Ad-Hoc|iPhoneSimulator
		{962F0FE0-29D5-4114-875E-10BED71C3D04}.AppStore|Any CPU.ActiveCfg = AppStore|iPhone
		{962F0FE0-29D5-4114-875E-10BED71C3D04}.AppStore|iPhone.ActiveCfg = AppStore|iPhone
		{962F0FE0-29D5-4114-875E-10BED71C3D04}.AppStore|iPhone.Build.0 = AppStore|iPhone
		{962F0FE0-29D5-4114-875E-10BED71C3D04}.AppStore|iPhoneSimulator.ActiveCfg = AppStore|iPhoneSimulator
		{962F0FE0-29D5-4114-875E-10BED71C3D04}.AppStore|iPhoneSimulator.Build.0 = AppStore|iPhoneSimulator
		{962F0FE0-29D5-4114-875E-10BED71C3D04}.Debug|Any CPU.ActiveCfg = Debug|iPhone
		{962F0FE0-29D5-4114-875E-10BED71C3D04}.Debug|iPhone.ActiveCfg = Debug|iPhone
		{962F0FE0-29D5-4114-875E-10BED71C3D04}.Debug|iPhone.Build.0 = Debug|iPhone
		{962F0FE0-29D5-4114-875E-10BED71C3D04}.Debug|iPhoneSimulator.ActiveCfg = Debug|iPhoneSimulator
		{962F0FE0-29D5-4114-875E-10BED71C3D04}.Debug|iPhoneSimulator.Build.0 = Debug|iPhoneSimulator
		{962F0FE0-29D5-4114-875E-10BED71C3D04}.Release|Any CPU.ActiveCfg = Release|iPhone
		{962F0FE0-29D5-4114-875E-10BED71C3D04}.Release|iPhone.ActiveCfg = Release|iPhone
		{962F0FE0-29D5-4114-875E-10BED71C3D04}.Release|iPhone.Build.0 = Release|iPhone
		{962F0FE0-29D5-4114-875E-10BED71C3D04}.Release|iPhoneSimulator.ActiveCfg = Release|iPhoneSimulator
		{962F0FE0-29D5-4114-875E-10BED71C3D04}.Release|iPhoneSimulator.Build.0 = Release|iPhoneSimulator
		{905E9748-1EFB-402F-B22B-0EF5963CC96D}.Ad-Hoc|Any CPU.ActiveCfg = Debug|Any CPU
		{905E9748-1EFB-402F-B22B-0EF5963CC96D}.Ad-Hoc|Any CPU.Build.0 = Debug|Any CPU
		{905E9748-1EFB-402F-B22B-0EF5963CC96D}.Ad-Hoc|iPhone.ActiveCfg = Debug|Any CPU
		{905E9748-1EFB-402F-B22B-0EF5963CC96D}.Ad-Hoc|iPhone.Build.0 = Debug|Any CPU
		{905E9748-1EFB-402F-B22B-0EF5963CC96D}.Ad-Hoc|iPhoneSimulator.ActiveCfg = Debug|Any CPU
		{905E9748-1EFB-402F-B22B-0EF5963CC96D}.Ad-Hoc|iPhoneSimulator.Build.0 = Debug|Any CPU
		{905E9748-1EFB-402F-B22B-0EF5963CC96D}.AppStore|Any CPU.ActiveCfg = Debug|Any CPU
		{905E9748-1EFB-402F-B22B-0EF5963CC96D}.AppStore|Any CPU.Build.0 = Debug|Any CPU
		{905E9748-1EFB-402F-B22B-0EF5963CC96D}.AppStore|iPhone.ActiveCfg = Debug|Any CPU
		{905E9748-1EFB-402F-B22B-0EF5963CC96D}.AppStore|iPhone.Build.0 = Debug|Any CPU
		{905E9748-1EFB-402F-B22B-0EF5963CC96D}.AppStore|iPhoneSimulator.ActiveCfg = Debug|Any CPU
		{905E9748-1EFB-402F-B22B-0EF5963CC96D}.AppStore|iPhoneSimulator.Build.0 = Debug|Any CPU
		{905E9748-1EFB-402F-B22B-0EF5963CC96D}.Debug|Any CPU.ActiveCfg = Debug|Any CPU
		{905E9748-1EFB-402F-B22B-0EF5963CC96D}.Debug|Any CPU.Build.0 = Debug|Any CPU
		{905E9748-1EFB-402F-B22B-0EF5963CC96D}.Debug|iPhone.ActiveCfg = Debug|Any CPU
		{905E9748-1EFB-402F-B22B-0EF5963CC96D}.Debug|iPhone.Build.0 = Debug|Any CPU
		{905E9748-1EFB-402F-B22B-0EF5963CC96D}.Debug|iPhoneSimulator.ActiveCfg = Debug|Any CPU
		{905E9748-1EFB-402F-B22B-0EF5963CC96D}.Debug|iPhoneSimulator.Build.0 = Debug|Any CPU
		{905E9748-1EFB-402F-B22B-0EF5963CC96D}.Release|Any CPU.ActiveCfg = Release|Any CPU
		{905E9748-1EFB-402F-B22B-0EF5963CC96D}.Release|Any CPU.Build.0 = Release|Any CPU
		{905E9748-1EFB-402F-B22B-0EF5963CC96D}.Release|iPhone.ActiveCfg = Release|Any CPU
		{905E9748-1EFB-402F-B22B-0EF5963CC96D}.Release|iPhone.Build.0 = Release|Any CPU
		{905E9748-1EFB-402F-B22B-0EF5963CC96D}.Release|iPhoneSimulator.ActiveCfg = Release|Any CPU
		{905E9748-1EFB-402F-B22B-0EF5963CC96D}.Release|iPhoneSimulator.Build.0 = Release|Any CPU
	EndGlobalSection
	GlobalSection(SolutionProperties) = preSolution
		HideSolutionNode = FALSE
	EndGlobalSection
	GlobalSection(ExtensibilityGlobals) = postSolution
		SolutionGuid = {3F506C19-3FDD-4D22-A1CF-07EB71B8915B}
	EndGlobalSection
EndGlobal
